
Microsoft Visual Studio Solution File, Format Version 12.00
# Visual Studio Version 17
VisualStudioVersion = 17.2.32630.192
MinimumVisualStudioVersion = 10.0.40219.1
Project("{9A19103F-16F7-4668-BE54-9A1E7A4F7556}") = "RenameRecursivelly", "RenameRecursivelly\RenameRecursivelly.csproj", "{D90A34D8-7D1B-4786-9195-C24EC5537EFF}"
EndProject
Project("{9A19103F-16F7-4668-BE54-9A1E7A4F7556}") = "GenerateBordel", "GenerateBordel\GenerateBordel.csproj", "{0D0223EB-4DEA-4378-810A-62080B921BA7}"
EndProject
Global
	GlobalSection(SolutionConfigurationPlatforms) = preSolution
		Debug|Any CPU = Debug|Any CPU
		Release|Any CPU = Release|Any CPU
	EndGlobalSection
	GlobalSection(ProjectConfigurationPlatforms) = postSolution
		{D90A34D8-7D1B-4786-9195-C24EC5537EFF}.Debug|Any CPU.ActiveCfg = Debug|Any CPU
		{D90A34D8-7D1B-4786-9195-C24EC5537EFF}.Debug|Any CPU.Build.0 = Debug|Any CPU
		{D90A34D8-7D1B-4786-9195-C24EC5537EFF}.Release|Any CPU.ActiveCfg = Release|Any CPU
		{D90A34D8-7D1B-4786-9195-C24EC5537EFF}.Release|Any CPU.Build.0 = Release|Any CPU
		{0D0223EB-4DEA-4378-810A-62080B921BA7}.Debug|Any CPU.ActiveCfg = Debug|Any CPU
		{0D0223EB-4DEA-4378-810A-62080B921BA7}.Debug|Any CPU.Build.0 = Debug|Any CPU
		{0D0223EB-4DEA-4378-810A-62080B921BA7}.Release|Any CPU.ActiveCfg = Release|Any CPU
		{0D0223EB-4DEA-4378-810A-62080B921BA7}.Release|Any CPU.Build.0 = Release|Any CPU
	EndGlobalSection
	GlobalSection(SolutionProperties) = preSolution
		HideSolutionNode = FALSE
	EndGlobalSection
	GlobalSection(ExtensibilityGlobals) = postSolution
		SolutionGuid = {C3038FC9-C22B-41E8-96D8-14231EA40D06}
	EndGlobalSection
EndGlobal
